// !$*UTF8*$!
{
	archiveVersion = 1;
	classes = {
	};
	objectVersion = 56;
	objects = {

/* Begin PBXBuildFile section */
		D80118B82C9C5EAA00CA86D4 /* Constants.swift in Sources */ = {isa = PBXBuildFile; fileRef = D80118B72C9C5EAA00CA86D4 /* Constants.swift */; };
		D80656EB2CB4189800EABD51 /* Game.swift in Sources */ = {isa = PBXBuildFile; fileRef = D80656EA2CB4189800EABD51 /* Game.swift */; };
		D81612602CB2C90C00F8DAC9 /* Question.swift in Sources */ = {isa = PBXBuildFile; fileRef = D816125F2CB2C90C00F8DAC9 /* Question.swift */; };
		D86CAF242CA1A75200C2EC24 /* Settings.swift in Sources */ = {isa = PBXBuildFile; fileRef = D86CAF232CA1A75100C2EC24 /* Settings.swift */; };
		D8B8CFD72CA056530023C998 /* Instructions.swift in Sources */ = {isa = PBXBuildFile; fileRef = D8B8CFD62CA056530023C998 /* Instructions.swift */; };
		D8C6F9662C99C0DC00505FCA /* HPotterDetailsApp.swift in Sources */ = {isa = PBXBuildFile; fileRef = D8C6F9652C99C0DC00505FCA /* HPotterDetailsApp.swift */; };
		D8C6F9682C99C0DC00505FCA /* ContentView.swift in Sources */ = {isa = PBXBuildFile; fileRef = D8C6F9672C99C0DC00505FCA /* ContentView.swift */; };
		D8C6F96A2C99C0E000505FCA /* Assets.xcassets in Resources */ = {isa = PBXBuildFile; fileRef = D8C6F9692C99C0E000505FCA /* Assets.xcassets */; };
		D8C6F96D2C99C0E000505FCA /* Preview Assets.xcassets in Resources */ = {isa = PBXBuildFile; fileRef = D8C6F96C2C99C0E000505FCA /* Preview Assets.xcassets */; };
		D8C6F9742C99C35100505FCA /* trivia.json in Resources */ = {isa = PBXBuildFile; fileRef = D8C6F9732C99C35100505FCA /* trivia.json */; };
		D8C6F97D2C99C43800505FCA /* magic-wand.mp3 in Resources */ = {isa = PBXBuildFile; fileRef = D8C6F9752C99C43700505FCA /* magic-wand.mp3 */; };
		D8C6F97E2C99C43800505FCA /* let-the-mystery-unfold.mp3 in Resources */ = {isa = PBXBuildFile; fileRef = D8C6F9762C99C43700505FCA /* let-the-mystery-unfold.mp3 */; };
		D8C6F97F2C99C43800505FCA /* deep-in-the-dell.mp3 in Resources */ = {isa = PBXBuildFile; fileRef = D8C6F9772C99C43700505FCA /* deep-in-the-dell.mp3 */; };
		D8C6F9802C99C43800505FCA /* hiding-place-in-the-forest.mp3 in Resources */ = {isa = PBXBuildFile; fileRef = D8C6F9782C99C43800505FCA /* hiding-place-in-the-forest.mp3 */; };
		D8C6F9812C99C43800505FCA /* magic-in-the-air.mp3 in Resources */ = {isa = PBXBuildFile; fileRef = D8C6F9792C99C43800505FCA /* magic-in-the-air.mp3 */; };
		D8C6F9822C99C43800505FCA /* spellcraft.mp3 in Resources */ = {isa = PBXBuildFile; fileRef = D8C6F97A2C99C43800505FCA /* spellcraft.mp3 */; };
		D8C6F9832C99C43800505FCA /* negative-beeps.mp3 in Resources */ = {isa = PBXBuildFile; fileRef = D8C6F97B2C99C43800505FCA /* negative-beeps.mp3 */; };
		D8C6F9842C99C43800505FCA /* page-flip.mp3 in Resources */ = {isa = PBXBuildFile; fileRef = D8C6F97C2C99C43800505FCA /* page-flip.mp3 */; };
		D8DBEEB72CAEDB0400CB53A6 /* Store.swift in Sources */ = {isa = PBXBuildFile; fileRef = D8DBEEB62CAEDB0400CB53A6 /* Store.swift */; };
		D8E69F132CA4492B00DE91D4 /* Gameplay.swift in Sources */ = {isa = PBXBuildFile; fileRef = D8E69F122CA4492B00DE91D4 /* Gameplay.swift */; };
/* End PBXBuildFile section */

/* Begin PBXFileReference section */
		D80118B72C9C5EAA00CA86D4 /* Constants.swift */ = {isa = PBXFileReference; lastKnownFileType = sourcecode.swift; path = Constants.swift; sourceTree = "<group>"; };
		D80656EA2CB4189800EABD51 /* Game.swift */ = {isa = PBXFileReference; lastKnownFileType = sourcecode.swift; path = Game.swift; sourceTree = "<group>"; };
		D816125F2CB2C90C00F8DAC9 /* Question.swift */ = {isa = PBXFileReference; lastKnownFileType = sourcecode.swift; path = Question.swift; sourceTree = "<group>"; };
		D86CAF232CA1A75100C2EC24 /* Settings.swift */ = {isa = PBXFileReference; lastKnownFileType = sourcecode.swift; path = Settings.swift; sourceTree = "<group>"; };
		D8B8CFD62CA056530023C998 /* Instructions.swift */ = {isa = PBXFileReference; lastKnownFileType = sourcecode.swift; path = Instructions.swift; sourceTree = "<group>"; };
		D8C6F9622C99C0DC00505FCA /* HPotterDetails.app */ = {isa = PBXFileReference; explicitFileType = wrapper.application; includeInIndex = 0; path = HPotterDetails.app; sourceTree = BUILT_PRODUCTS_DIR; };
		D8C6F9652C99C0DC00505FCA /* HPotterDetailsApp.swift */ = {isa = PBXFileReference; lastKnownFileType = sourcecode.swift; path = HPotterDetailsApp.swift; sourceTree = "<group>"; };
		D8C6F9672C99C0DC00505FCA /* ContentView.swift */ = {isa = PBXFileReference; lastKnownFileType = sourcecode.swift; path = ContentView.swift; sourceTree = "<group>"; };
		D8C6F9692C99C0E000505FCA /* Assets.xcassets */ = {isa = PBXFileReference; lastKnownFileType = folder.assetcatalog; path = Assets.xcassets; sourceTree = "<group>"; };
		D8C6F96C2C99C0E000505FCA /* Preview Assets.xcassets */ = {isa = PBXFileReference; lastKnownFileType = folder.assetcatalog; path = "Preview Assets.xcassets"; sourceTree = "<group>"; };
		D8C6F9732C99C35100505FCA /* trivia.json */ = {isa = PBXFileReference; fileEncoding = 4; lastKnownFileType = text.json; path = trivia.json; sourceTree = "<group>"; };
		D8C6F9752C99C43700505FCA /* magic-wand.mp3 */ = {isa = PBXFileReference; lastKnownFileType = audio.mp3; path = "magic-wand.mp3"; sourceTree = "<group>"; };
		D8C6F9762C99C43700505FCA /* let-the-mystery-unfold.mp3 */ = {isa = PBXFileReference; lastKnownFileType = audio.mp3; path = "let-the-mystery-unfold.mp3"; sourceTree = "<group>"; };
		D8C6F9772C99C43700505FCA /* deep-in-the-dell.mp3 */ = {isa = PBXFileReference; lastKnownFileType = audio.mp3; path = "deep-in-the-dell.mp3"; sourceTree = "<group>"; };
		D8C6F9782C99C43800505FCA /* hiding-place-in-the-forest.mp3 */ = {isa = PBXFileReference; lastKnownFileType = audio.mp3; path = "hiding-place-in-the-forest.mp3"; sourceTree = "<group>"; };
		D8C6F9792C99C43800505FCA /* magic-in-the-air.mp3 */ = {isa = PBXFileReference; lastKnownFileType = audio.mp3; path = "magic-in-the-air.mp3"; sourceTree = "<group>"; };
		D8C6F97A2C99C43800505FCA /* spellcraft.mp3 */ = {isa = PBXFileReference; lastKnownFileType = audio.mp3; path = spellcraft.mp3; sourceTree = "<group>"; };
		D8C6F97B2C99C43800505FCA /* negative-beeps.mp3 */ = {isa = PBXFileReference; lastKnownFileType = audio.mp3; path = "negative-beeps.mp3"; sourceTree = "<group>"; };
		D8C6F97C2C99C43800505FCA /* page-flip.mp3 */ = {isa = PBXFileReference; lastKnownFileType = audio.mp3; path = "page-flip.mp3"; sourceTree = "<group>"; };
		D8DBEEB52CAED2F200CB53A6 /* HPotterConfig.storekit */ = {isa = PBXFileReference; lastKnownFileType = text; path = HPotterConfig.storekit; sourceTree = "<group>"; };
		D8DBEEB62CAEDB0400CB53A6 /* Store.swift */ = {isa = PBXFileReference; lastKnownFileType = sourcecode.swift; path = Store.swift; sourceTree = "<group>"; };
		D8E69F122CA4492B00DE91D4 /* Gameplay.swift */ = {isa = PBXFileReference; lastKnownFileType = sourcecode.swift; path = Gameplay.swift; sourceTree = "<group>"; };
/* End PBXFileReference section */

/* Begin PBXFrameworksBuildPhase section */
		D8C6F95F2C99C0DC00505FCA /* Frameworks */ = {
			isa = PBXFrameworksBuildPhase;
			buildActionMask = 2147483647;
			files = (
			);
			runOnlyForDeploymentPostprocessing = 0;
		};
/* End PBXFrameworksBuildPhase section */

/* Begin PBXGroup section */
		D8C6F9592C99C0DC00505FCA = {
			isa = PBXGroup;
			children = (
				D8C6F9642C99C0DC00505FCA /* HPotterDetails */,
				D8C6F9632C99C0DC00505FCA /* Products */,
			);
			sourceTree = "<group>";
		};
		D8C6F9632C99C0DC00505FCA /* Products */ = {
			isa = PBXGroup;
			children = (
				D8C6F9622C99C0DC00505FCA /* HPotterDetails.app */,
			);
			name = Products;
			sourceTree = "<group>";
		};
		D8C6F9642C99C0DC00505FCA /* HPotterDetails */ = {
			isa = PBXGroup;
			children = (
				D8C6F9652C99C0DC00505FCA /* HPotterDetailsApp.swift */,
				D8C6F9672C99C0DC00505FCA /* ContentView.swift */,
				D8E69F122CA4492B00DE91D4 /* Gameplay.swift */,
				D86CAF232CA1A75100C2EC24 /* Settings.swift */,
				D8B8CFD62CA056530023C998 /* Instructions.swift */,
				D80656EA2CB4189800EABD51 /* Game.swift */,
				D8DBEEB62CAEDB0400CB53A6 /* Store.swift */,
				D816125F2CB2C90C00F8DAC9 /* Question.swift */,
				D80118B72C9C5EAA00CA86D4 /* Constants.swift */,
				D8DBEEB52CAED2F200CB53A6 /* HPotterConfig.storekit */,
				D8C6F9732C99C35100505FCA /* trivia.json */,
				D8C6F9692C99C0E000505FCA /* Assets.xcassets */,
				D8C6F9772C99C43700505FCA /* deep-in-the-dell.mp3 */,
				D8C6F9782C99C43800505FCA /* hiding-place-in-the-forest.mp3 */,
				D8C6F9762C99C43700505FCA /* let-the-mystery-unfold.mp3 */,
				D8C6F9792C99C43800505FCA /* magic-in-the-air.mp3 */,
				D8C6F9752C99C43700505FCA /* magic-wand.mp3 */,
				D8C6F97B2C99C43800505FCA /* negative-beeps.mp3 */,
				D8C6F97C2C99C43800505FCA /* page-flip.mp3 */,
				D8C6F97A2C99C43800505FCA /* spellcraft.mp3 */,
				D8C6F96B2C99C0E000505FCA /* Preview Content */,
			);
			path = HPotterDetails;
			sourceTree = "<group>";
		};
		D8C6F96B2C99C0E000505FCA /* Preview Content */ = {
			isa = PBXGroup;
			children = (
				D8C6F96C2C99C0E000505FCA /* Preview Assets.xcassets */,
			);
			path = "Preview Content";
			sourceTree = "<group>";
		};
/* End PBXGroup section */

/* Begin PBXNativeTarget section */
		D8C6F9612C99C0DC00505FCA /* HPotterDetails */ = {
			isa = PBXNativeTarget;
			buildConfigurationList = D8C6F9702C99C0E000505FCA /* Build configuration list for PBXNativeTarget "HPotterDetails" */;
			buildPhases = (
				D8C6F95E2C99C0DC00505FCA /* Sources */,
				D8C6F95F2C99C0DC00505FCA /* Frameworks */,
				D8C6F9602C99C0DC00505FCA /* Resources */,
			);
			buildRules = (
			);
			dependencies = (
			);
			name = HPotterDetails;
			productName = HPotterDetails;
			productReference = D8C6F9622C99C0DC00505FCA /* HPotterDetails.app */;
			productType = "com.apple.product-type.application";
		};
/* End PBXNativeTarget section */

/* Begin PBXProject section */
		D8C6F95A2C99C0DC00505FCA /* Project object */ = {
			isa = PBXProject;
			attributes = {
				BuildIndependentTargetsInParallel = 1;
				LastSwiftUpdateCheck = 1540;
				LastUpgradeCheck = 1540;
				TargetAttributes = {
					D8C6F9612C99C0DC00505FCA = {
						CreatedOnToolsVersion = 15.4;
					};
				};
			};
			buildConfigurationList = D8C6F95D2C99C0DC00505FCA /* Build configuration list for PBXProject "HPotterDetails" */;
			compatibilityVersion = "Xcode 14.0";
			developmentRegion = en;
			hasScannedForEncodings = 0;
			knownRegions = (
				en,
				Base,
			);
			mainGroup = D8C6F9592C99C0DC00505FCA;
			productRefGroup = D8C6F9632C99C0DC00505FCA /* Products */;
			projectDirPath = "";
			projectRoot = "";
			targets = (
				D8C6F9612C99C0DC00505FCA /* HPotterDetails */,
			);
		};
/* End PBXProject section */

/* Begin PBXResourcesBuildPhase section */
		D8C6F9602C99C0DC00505FCA /* Resources */ = {
			isa = PBXResourcesBuildPhase;
			buildActionMask = 2147483647;
			files = (
				D8C6F97F2C99C43800505FCA /* deep-in-the-dell.mp3 in Resources */,
				D8C6F9832C99C43800505FCA /* negative-beeps.mp3 in Resources */,
				D8C6F9822C99C43800505FCA /* spellcraft.mp3 in Resources */,
				D8C6F97D2C99C43800505FCA /* magic-wand.mp3 in Resources */,
				D8C6F96D2C99C0E000505FCA /* Preview Assets.xcassets in Resources */,
				D8C6F96A2C99C0E000505FCA /* Assets.xcassets in Resources */,
				D8C6F9802C99C43800505FCA /* hiding-place-in-the-forest.mp3 in Resources */,
				D8C6F97E2C99C43800505FCA /* let-the-mystery-unfold.mp3 in Resources */,
				D8C6F9812C99C43800505FCA /* magic-in-the-air.mp3 in Resources */,
				D8C6F9842C99C43800505FCA /* page-flip.mp3 in Resources */,
				D8C6F9742C99C35100505FCA /* trivia.json in Resources */,
			);
			runOnlyForDeploymentPostprocessing = 0;
		};
/* End PBXResourcesBuildPhase section */

/* Begin PBXSourcesBuildPhase section */
		D8C6F95E2C99C0DC00505FCA /* Sources */ = {
			isa = PBXSourcesBuildPhase;
			buildActionMask = 2147483647;
			files = (
				D8DBEEB72CAEDB0400CB53A6 /* Store.swift in Sources */,
				D80656EB2CB4189800EABD51 /* Game.swift in Sources */,
				D81612602CB2C90C00F8DAC9 /* Question.swift in Sources */,
				D8C6F9682C99C0DC00505FCA /* ContentView.swift in Sources */,
				D8E69F132CA4492B00DE91D4 /* Gameplay.swift in Sources */,
				D8C6F9662C99C0DC00505FCA /* HPotterDetailsApp.swift in Sources */,
				D8B8CFD72CA056530023C998 /* Instructions.swift in Sources */,
				D80118B82C9C5EAA00CA86D4 /* Constants.swift in Sources */,
				D86CAF242CA1A75200C2EC24 /* Settings.swift in Sources */,
			);
			runOnlyForDeploymentPostprocessing = 0;
		};
/* End PBXSourcesBuildPhase section */

/* Begin XCBuildConfiguration section */
		D8C6F96E2C99C0E000505FCA /* Debug */ = {
			isa = XCBuildConfiguration;
			buildSettings = {
				ALWAYS_SEARCH_USER_PATHS = NO;
				ASSETCATALOG_COMPILER_GENERATE_SWIFT_ASSET_SYMBOL_EXTENSIONS = YES;
				CLANG_ANALYZER_NONNULL = YES;
				CLANG_ANALYZER_NUMBER_OBJECT_CONVERSION = YES_AGGRESSIVE;
				CLANG_CXX_LANGUAGE_STANDARD = "gnu++20";
				CLANG_ENABLE_MODULES = YES;
				CLANG_ENABLE_OBJC_ARC = YES;
				CLANG_ENABLE_OBJC_WEAK = YES;
				CLANG_WARN_BLOCK_CAPTURE_AUTORELEASING = YES;
				CLANG_WARN_BOOL_CONVERSION = YES;
				CLANG_WARN_COMMA = YES;
				CLANG_WARN_CONSTANT_CONVERSION = YES;
				CLANG_WARN_DEPRECATED_OBJC_IMPLEMENTATIONS = YES;
				CLANG_WARN_DIRECT_OBJC_ISA_USAGE = YES_ERROR;
				CLANG_WARN_DOCUMENTATION_COMMENTS = YES;
				CLANG_WARN_EMPTY_BODY = YES;
				CLANG_WARN_ENUM_CONVERSION = YES;
				CLANG_WARN_INFINITE_RECURSION = YES;
				CLANG_WARN_INT_CONVERSION = YES;
				CLANG_WARN_NON_LITERAL_NULL_CONVERSION = YES;
				CLANG_WARN_OBJC_IMPLICIT_RETAIN_SELF = YES;
				CLANG_WARN_OBJC_LITERAL_CONVERSION = YES;
				CLANG_WARN_OBJC_ROOT_CLASS = YES_ERROR;
				CLANG_WARN_QUOTED_INCLUDE_IN_FRAMEWORK_HEADER = YES;
				CLANG_WARN_RANGE_LOOP_ANALYSIS = YES;
				CLANG_WARN_STRICT_PROTOTYPES = YES;
				CLANG_WARN_SUSPICIOUS_MOVE = YES;
				CLANG_WARN_UNGUARDED_AVAILABILITY = YES_AGGRESSIVE;
				CLANG_WARN_UNREACHABLE_CODE = YES;
				CLANG_WARN__DUPLICATE_METHOD_MATCH = YES;
				COPY_PHASE_STRIP = NO;
				DEBUG_INFORMATION_FORMAT = dwarf;
				ENABLE_STRICT_OBJC_MSGSEND = YES;
				ENABLE_TESTABILITY = YES;
				ENABLE_USER_SCRIPT_SANDBOXING = YES;
				GCC_C_LANGUAGE_STANDARD = gnu17;
				GCC_DYNAMIC_NO_PIC = NO;
				GCC_NO_COMMON_BLOCKS = YES;
				GCC_OPTIMIZATION_LEVEL = 0;
				GCC_PREPROCESSOR_DEFINITIONS = (
					"DEBUG=1",
					"$(inherited)",
				);
				GCC_WARN_64_TO_32_BIT_CONVERSION = YES;
				GCC_WARN_ABOUT_RETURN_TYPE = YES_ERROR;
				GCC_WARN_UNDECLARED_SELECTOR = YES;
				GCC_WARN_UNINITIALIZED_AUTOS = YES_AGGRESSIVE;
				GCC_WARN_UNUSED_FUNCTION = YES;
				GCC_WARN_UNUSED_VARIABLE = YES;
				IPHONEOS_DEPLOYMENT_TARGET = 17.5;
				LOCALIZATION_PREFERS_STRING_CATALOGS = YES;
				MTL_ENABLE_DEBUG_INFO = INCLUDE_SOURCE;
				MTL_FAST_MATH = YES;
				ONLY_ACTIVE_ARCH = YES;
				SDKROOT = iphoneos;
				SWIFT_ACTIVE_COMPILATION_CONDITIONS = "DEBUG $(inherited)";
				SWIFT_OPTIMIZATION_LEVEL = "-Onone";
			};
			name = Debug;
		};
		D8C6F96F2C99C0E000505FCA /* Release */ = {
			isa = XCBuildConfiguration;
			buildSettings = {
				ALWAYS_SEARCH_USER_PATHS = NO;
				ASSETCATALOG_COMPILER_GENERATE_SWIFT_ASSET_SYMBOL_EXTENSIONS = YES;
				CLANG_ANALYZER_NONNULL = YES;
				CLANG_ANALYZER_NUMBER_OBJECT_CONVERSION = YES_AGGRESSIVE;
				CLANG_CXX_LANGUAGE_STANDARD = "gnu++20";
				CLANG_ENABLE_MODULES = YES;
				CLANG_ENABLE_OBJC_ARC = YES;
				CLANG_ENABLE_OBJC_WEAK = YES;
				CLANG_WARN_BLOCK_CAPTURE_AUTORELEASING = YES;
				CLANG_WARN_BOOL_CONVERSION = YES;
				CLANG_WARN_COMMA = YES;
				CLANG_WARN_CONSTANT_CONVERSION = YES;
				CLANG_WARN_DEPRECATED_OBJC_IMPLEMENTATIONS = YES;
				CLANG_WARN_DIRECT_OBJC_ISA_USAGE = YES_ERROR;
				CLANG_WARN_DOCUMENTATION_COMMENTS = YES;
				CLANG_WARN_EMPTY_BODY = YES;
				CLANG_WARN_ENUM_CONVERSION = YES;
				CLANG_WARN_INFINITE_RECURSION = YES;
				CLANG_WARN_INT_CONVERSION = YES;
				CLANG_WARN_NON_LITERAL_NULL_CONVERSION = YES;
				CLANG_WARN_OBJC_IMPLICIT_RETAIN_SELF = YES;
				CLANG_WARN_OBJC_LITERAL_CONVERSION = YES;
				CLANG_WARN_OBJC_ROOT_CLASS = YES_ERROR;
				CLANG_WARN_QUOTED_INCLUDE_IN_FRAMEWORK_HEADER = YES;
				CLANG_WARN_RANGE_LOOP_ANALYSIS = YES;
				CLANG_WARN_STRICT_PROTOTYPES = YES;
				CLANG_WARN_SUSPICIOUS_MOVE = YES;
				CLANG_WARN_UNGUARDED_AVAILABILITY = YES_AGGRESSIVE;
				CLANG_WARN_UNREACHABLE_CODE = YES;
				CLANG_WARN__DUPLICATE_METHOD_MATCH = YES;
				COPY_PHASE_STRIP = NO;
				DEBUG_INFORMATION_FORMAT = "dwarf-with-dsym";
				ENABLE_NS_ASSERTIONS = NO;
				ENABLE_STRICT_OBJC_MSGSEND = YES;
				ENABLE_USER_SCRIPT_SANDBOXING = YES;
				GCC_C_LANGUAGE_STANDARD = gnu17;
				GCC_NO_COMMON_BLOCKS = YES;
				GCC_WARN_64_TO_32_BIT_CONVERSION = YES;
				GCC_WARN_ABOUT_RETURN_TYPE = YES_ERROR;
				GCC_WARN_UNDECLARED_SELECTOR = YES;
				GCC_WARN_UNINITIALIZED_AUTOS = YES_AGGRESSIVE;
				GCC_WARN_UNUSED_FUNCTION = YES;
				GCC_WARN_UNUSED_VARIABLE = YES;
				IPHONEOS_DEPLOYMENT_TARGET = 17.5;
				LOCALIZATION_PREFERS_STRING_CATALOGS = YES;
				MTL_ENABLE_DEBUG_INFO = NO;
				MTL_FAST_MATH = YES;
				SDKROOT = iphoneos;
				SWIFT_COMPILATION_MODE = wholemodule;
				VALIDATE_PRODUCT = YES;
			};
			name = Release;
		};
		D8C6F9712C99C0E000505FCA /* Debug */ = {
			isa = XCBuildConfiguration;
			buildSettings = {
				ASSETCATALOG_COMPILER_APPICON_NAME = AppIcon;
				ASSETCATALOG_COMPILER_GLOBAL_ACCENT_COLOR_NAME = AccentColor;
				CODE_SIGN_STYLE = Automatic;
				CURRENT_PROJECT_VERSION = 1;
				DEVELOPMENT_ASSET_PATHS = "\"HPotterDetails/Preview Content\"";
				ENABLE_PREVIEWS = YES;
				GENERATE_INFOPLIST_FILE = YES;
				INFOPLIST_KEY_UIApplicationSceneManifest_Generation = YES;
				INFOPLIST_KEY_UIApplicationSupportsIndirectInputEvents = YES;
				INFOPLIST_KEY_UILaunchScreen_Generation = YES;
				INFOPLIST_KEY_UISupportedInterfaceOrientations_iPad = "UIInterfaceOrientationPortrait UIInterfaceOrientationPortraitUpsideDown UIInterfaceOrientationLandscapeLeft UIInterfaceOrientationLandscapeRight";
				INFOPLIST_KEY_UISupportedInterfaceOrientations_iPhone = "UIInterfaceOrientationPortrait UIInterfaceOrientationLandscapeLeft UIInterfaceOrientationLandscapeRight";
				LD_RUNPATH_SEARCH_PATHS = (
					"$(inherited)",
					"@executable_path/Frameworks",
				);
				MARKETING_VERSION = 1.0;
				PRODUCT_BUNDLE_IDENTIFIER = com.joe3524.HPotterDetails;
				PRODUCT_NAME = "$(TARGET_NAME)";
				SWIFT_EMIT_LOC_STRINGS = YES;
				SWIFT_VERSION = 5.0;
				TARGETED_DEVICE_FAMILY = "1,2";
			};
			name = Debug;
		};
		D8C6F9722C99C0E000505FCA /* Release */ = {
			isa = XCBuildConfiguration;
			buildSettings = {
				ASSETCATALOG_COMPILER_APPICON_NAME = AppIcon;
				ASSETCATALOG_COMPILER_GLOBAL_ACCENT_COLOR_NAME = AccentColor;
				CODE_SIGN_STYLE = Automatic;
				CURRENT_PROJECT_VERSION = 1;
				DEVELOPMENT_ASSET_PATHS = "\"HPotterDetails/Preview Content\"";
				ENABLE_PREVIEWS = YES;
				GENERATE_INFOPLIST_FILE = YES;
				INFOPLIST_KEY_UIApplicationSceneManifest_Generation = YES;
				INFOPLIST_KEY_UIApplicationSupportsIndirectInputEvents = YES;
				INFOPLIST_KEY_UILaunchScreen_Generation = YES;
				INFOPLIST_KEY_UISupportedInterfaceOrientations_iPad = "UIInterfaceOrientationPortrait UIInterfaceOrientationPortraitUpsideDown UIInterfaceOrientationLandscapeLeft UIInterfaceOrientationLandscapeRight";
				INFOPLIST_KEY_UISupportedInterfaceOrientations_iPhone = "UIInterfaceOrientationPortrait UIInterfaceOrientationLandscapeLeft UIInterfaceOrientationLandscapeRight";
				LD_RUNPATH_SEARCH_PATHS = (
					"$(inherited)",
					"@executable_path/Frameworks",
				);
				MARKETING_VERSION = 1.0;
				PRODUCT_BUNDLE_IDENTIFIER = com.joe3524.HPotterDetails;
				PRODUCT_NAME = "$(TARGET_NAME)";
				SWIFT_EMIT_LOC_STRINGS = YES;
				SWIFT_VERSION = 5.0;
				TARGETED_DEVICE_FAMILY = "1,2";
			};
			name = Release;
		};
/* End XCBuildConfiguration section */

/* Begin XCConfigurationList section */
		D8C6F95D2C99C0DC00505FCA /* Build configuration list for PBXProject "HPotterDetails" */ = {
			isa = XCConfigurationList;
			buildConfigurations = (
				D8C6F96E2C99C0E000505FCA /* Debug */,
				D8C6F96F2C99C0E000505FCA /* Release */,
			);
			defaultConfigurationIsVisible = 0;
			defaultConfigurationName = Release;
		};
		D8C6F9702C99C0E000505FCA /* Build configuration list for PBXNativeTarget "HPotterDetails" */ = {
			isa = XCConfigurationList;
			buildConfigurations = (
				D8C6F9712C99C0E000505FCA /* Debug */,
				D8C6F9722C99C0E000505FCA /* Release */,
			);
			defaultConfigurationIsVisible = 0;
			defaultConfigurationName = Release;
		};
/* End XCConfigurationList section */
	};
	rootObject = D8C6F95A2C99C0DC00505FCA /* Project object */;
}
